
Microsoft Visual Studio Solution File, Format Version 12.00
# Visual Studio Version 16
VisualStudioVersion = 16.0.33801.447
MinimumVisualStudioVersion = 10.0.40219.1
Project("{FAE04EC0-301F-11D3-BF4B-00C04F79EFBC}") = "Degiskenler", "Degiskenler\Degiskenler.csproj", "{ED2C0185-89D1-4FB6-87EE-4DD93006607C}"
EndProject
Global
	GlobalSection(SolutionConfigurationPlatforms) = preSolution
		Debug|Any CPU = Debug|Any CPU
		Release|Any CPU = Release|Any CPU
	EndGlobalSection
	GlobalSection(ProjectConfigurationPlatforms) = postSolution
		{ED2C0185-89D1-4FB6-87EE-4DD93006607C}.Debug|Any CPU.ActiveCfg = Debug|Any CPU
		{ED2C0185-89D1-4FB6-87EE-4DD93006607C}.Debug|Any CPU.Build.0 = Debug|Any CPU
		{ED2C0185-89D1-4FB6-87EE-4DD93006607C}.Release|Any CPU.ActiveCfg = Release|Any CPU
		{ED2C0185-89D1-4FB6-87EE-4DD93006607C}.Release|Any CPU.Build.0 = Release|Any CPU
	EndGlobalSection
	GlobalSection(SolutionProperties) = preSolution
		HideSolutionNode = FALSE
	EndGlobalSection
	GlobalSection(ExtensibilityGlobals) = postSolution
		SolutionGuid = {C09DD36A-7A7E-4C31-AE5D-E37CD3C976E1}
	EndGlobalSection
EndGlobal
